# THIS IS AN AUTOGENERATED FILE. DO NOT EDIT THIS FILE DIRECTLY.
# yarn lockfile v1


bats-assert@^2.0.0:
  version "2.0.0"
  resolved "https://registry.yarnpkg.com/bats-assert/-/bats-assert-2.0.0.tgz#ba1b4eeee2c7848f1a25948b623790dd41a2b94b"
  integrity sha512-qO3kNilWxW8iCONu9NDUfvsCiC6JzL6DPOc/DGq9z3bZ9/A7wURJ+FnFMxGbofOmWbCoy7pVhofn0o47A95qkQ==

bats-mock@^1.0.1:
  version "1.0.1"
  resolved "https://registry.yarnpkg.com/bats-mock/-/bats-mock-1.0.1.tgz#f86d7d1fce3e4615382f63de9af5ffdfe74df5d5"
  integrity sha1-+G19H84+RhU4L2PemvX/3+dN9dU=

bats-support@^0.3.0:
  version "0.3.0"
  resolved "https://registry.yarnpkg.com/bats-support/-/bats-support-0.3.0.tgz#a1f6b8878d2a51837911fdffa0750036f60701ef"
  integrity sha512-z+2WzXbI4OZgLnynydqH8GpI3+DcOtepO66PlK47SfEzTkiuV9hxn9eIQX+uLVFbt2Oqoc7Ky3TJ/N83lqD+cg==

bats@^1.3.0-alpha.0:
  version "1.3.0-alpha.0"
  resolved "https://registry.yarnpkg.com/bats/-/bats-1.3.0-alpha.0.tgz#4ded1c7c49d09244bac7deab7b15a2950eef9165"
  integrity sha512-4Um6nbjmlqfisR8kQAeTSUW8NX8KSG/OakqVixKyW4RO2zSNVqaxEP4I7HhWSewv3HlOCQ/gnO1Wc/Vi8wrgTQ==
